
Microsoft Visual Studio Solution File, Format Version 12.00
# Visual Studio 15
VisualStudioVersion = 15.0.27703.2026
MinimumVisualStudioVersion = 10.0.40219.1
Project("{FAE04EC0-301F-11D3-BF4B-00C04F79EFBC}") = "BLOG.IDAL", "BLOG.IDAL\BLOG.IDAL.csproj", "{E23DB21E-9E91-4C76-9F80-D15E51D4A1E3}"
EndProject
Project("{FAE04EC0-301F-11D3-BF4B-00C04F79EFBC}") = "BLOG.DAL", "BLOG.DAL\BLOG.DAL.csproj", "{C3D921C5-472F-4435-8632-B4A05853D440}"
EndProject
Project("{FAE04EC0-301F-11D3-BF4B-00C04F79EFBC}") = "BLOG.IBLL", "BLOG.IBLL\BLOG.IBLL.csproj", "{F12A15DF-840C-4FB0-9B6A-25D2C6D40D7B}"
EndProject
Project("{FAE04EC0-301F-11D3-BF4B-00C04F79EFBC}") = "BLOG.BLL", "BLOG.BLL\BLOG.BLL.csproj", "{4A90643B-F1F1-4E30-899E-D47E02208E79}"
EndProject
Project("{FAE04EC0-301F-11D3-BF4B-00C04F79EFBC}") = "BLOG.ViewModel", "BLOG.ViewModel\BLOG.ViewModel.csproj", "{5D04E8B1-89A4-4B5A-936F-FF64E90FA1A8}"
EndProject
Project("{FAE04EC0-301F-11D3-BF4B-00C04F79EFBC}") = "BLOG.Web", "BLOG.Web\BLOG.Web.csproj", "{3020498E-5AB0-4759-856C-268B0BFA2836}"
EndProject
Project("{FAE04EC0-301F-11D3-BF4B-00C04F79EFBC}") = "BLOG.Model", "BLOG.Model\BLOG.Model.csproj", "{BA2ED8E4-2B5C-46E6-BDC4-D78C0B7FB692}"
EndProject
Project("{FAE04EC0-301F-11D3-BF4B-00C04F79EFBC}") = "BLOG.IBase", "BLOG.IBase\BLOG.IBase.csproj", "{798C2319-FC2D-4CE7-9927-2F97AE6388F5}"
EndProject
Project("{FAE04EC0-301F-11D3-BF4B-00C04F79EFBC}") = "BLOG.Base", "BLOG.Base\BLOG.Base.csproj", "{F6B5A81F-1663-42A6-B6E8-9FBFF78CD56E}"
EndProject
Project("{FAE04EC0-301F-11D3-BF4B-00C04F79EFBC}") = "BLOG.Utility", "BLOG.Utility\BLOG.Utility.csproj", "{5B066D4C-6F6A-4424-8B5A-3C9F2FF85F39}"
EndProject
Global
	GlobalSection(SolutionConfigurationPlatforms) = preSolution
		Debug|Any CPU = Debug|Any CPU
		Release|Any CPU = Release|Any CPU
	EndGlobalSection
	GlobalSection(ProjectConfigurationPlatforms) = postSolution
		{E23DB21E-9E91-4C76-9F80-D15E51D4A1E3}.Debug|Any CPU.ActiveCfg = Debug|Any CPU
		{E23DB21E-9E91-4C76-9F80-D15E51D4A1E3}.Debug|Any CPU.Build.0 = Debug|Any CPU
		{E23DB21E-9E91-4C76-9F80-D15E51D4A1E3}.Release|Any CPU.ActiveCfg = Release|Any CPU
		{E23DB21E-9E91-4C76-9F80-D15E51D4A1E3}.Release|Any CPU.Build.0 = Release|Any CPU
		{C3D921C5-472F-4435-8632-B4A05853D440}.Debug|Any CPU.ActiveCfg = Debug|Any CPU
		{C3D921C5-472F-4435-8632-B4A05853D440}.Debug|Any CPU.Build.0 = Debug|Any CPU
		{C3D921C5-472F-4435-8632-B4A05853D440}.Release|Any CPU.ActiveCfg = Release|Any CPU
		{C3D921C5-472F-4435-8632-B4A05853D440}.Release|Any CPU.Build.0 = Release|Any CPU
		{F12A15DF-840C-4FB0-9B6A-25D2C6D40D7B}.Debug|Any CPU.ActiveCfg = Debug|Any CPU
		{F12A15DF-840C-4FB0-9B6A-25D2C6D40D7B}.Debug|Any CPU.Build.0 = Debug|Any CPU
		{F12A15DF-840C-4FB0-9B6A-25D2C6D40D7B}.Release|Any CPU.ActiveCfg = Release|Any CPU
		{F12A15DF-840C-4FB0-9B6A-25D2C6D40D7B}.Release|Any CPU.Build.0 = Release|Any CPU
		{4A90643B-F1F1-4E30-899E-D47E02208E79}.Debug|Any CPU.ActiveCfg = Debug|Any CPU
		{4A90643B-F1F1-4E30-899E-D47E02208E79}.Debug|Any CPU.Build.0 = Debug|Any CPU
		{4A90643B-F1F1-4E30-899E-D47E02208E79}.Release|Any CPU.ActiveCfg = Release|Any CPU
		{4A90643B-F1F1-4E30-899E-D47E02208E79}.Release|Any CPU.Build.0 = Release|Any CPU
		{5D04E8B1-89A4-4B5A-936F-FF64E90FA1A8}.Debug|Any CPU.ActiveCfg = Debug|Any CPU
		{5D04E8B1-89A4-4B5A-936F-FF64E90FA1A8}.Debug|Any CPU.Build.0 = Debug|Any CPU
		{5D04E8B1-89A4-4B5A-936F-FF64E90FA1A8}.Release|Any CPU.ActiveCfg = Release|Any CPU
		{5D04E8B1-89A4-4B5A-936F-FF64E90FA1A8}.Release|Any CPU.Build.0 = Release|Any CPU
		{3020498E-5AB0-4759-856C-268B0BFA2836}.Debug|Any CPU.ActiveCfg = Debug|Any CPU
		{3020498E-5AB0-4759-856C-268B0BFA2836}.Debug|Any CPU.Build.0 = Debug|Any CPU
		{3020498E-5AB0-4759-856C-268B0BFA2836}.Release|Any CPU.ActiveCfg = Release|Any CPU
		{3020498E-5AB0-4759-856C-268B0BFA2836}.Release|Any CPU.Build.0 = Release|Any CPU
		{BA2ED8E4-2B5C-46E6-BDC4-D78C0B7FB692}.Debug|Any CPU.ActiveCfg = Debug|Any CPU
		{BA2ED8E4-2B5C-46E6-BDC4-D78C0B7FB692}.Debug|Any CPU.Build.0 = Debug|Any CPU
		{BA2ED8E4-2B5C-46E6-BDC4-D78C0B7FB692}.Release|Any CPU.ActiveCfg = Release|Any CPU
		{BA2ED8E4-2B5C-46E6-BDC4-D78C0B7FB692}.Release|Any CPU.Build.0 = Release|Any CPU
		{798C2319-FC2D-4CE7-9927-2F97AE6388F5}.Debug|Any CPU.ActiveCfg = Debug|Any CPU
		{798C2319-FC2D-4CE7-9927-2F97AE6388F5}.Debug|Any CPU.Build.0 = Debug|Any CPU
		{798C2319-FC2D-4CE7-9927-2F97AE6388F5}.Release|Any CPU.ActiveCfg = Release|Any CPU
		{798C2319-FC2D-4CE7-9927-2F97AE6388F5}.Release|Any CPU.Build.0 = Release|Any CPU
		{F6B5A81F-1663-42A6-B6E8-9FBFF78CD56E}.Debug|Any CPU.ActiveCfg = Debug|Any CPU
		{F6B5A81F-1663-42A6-B6E8-9FBFF78CD56E}.Debug|Any CPU.Build.0 = Debug|Any CPU
		{F6B5A81F-1663-42A6-B6E8-9FBFF78CD56E}.Release|Any CPU.ActiveCfg = Release|Any CPU
		{F6B5A81F-1663-42A6-B6E8-9FBFF78CD56E}.Release|Any CPU.Build.0 = Release|Any CPU
		{5B066D4C-6F6A-4424-8B5A-3C9F2FF85F39}.Debug|Any CPU.ActiveCfg = Debug|Any CPU
		{5B066D4C-6F6A-4424-8B5A-3C9F2FF85F39}.Debug|Any CPU.Build.0 = Debug|Any CPU
		{5B066D4C-6F6A-4424-8B5A-3C9F2FF85F39}.Release|Any CPU.ActiveCfg = Release|Any CPU
		{5B066D4C-6F6A-4424-8B5A-3C9F2FF85F39}.Release|Any CPU.Build.0 = Release|Any CPU
	EndGlobalSection
	GlobalSection(SolutionProperties) = preSolution
		HideSolutionNode = FALSE
	EndGlobalSection
	GlobalSection(ExtensibilityGlobals) = postSolution
		SolutionGuid = {002A0B8A-F17C-4674-9991-348D518EC63B}
	EndGlobalSection
EndGlobal
